
Microsoft Visual Studio Solution File, Format Version 12.00
# Visual Studio Version 17
VisualStudioVersion = 17.9.34518.117
MinimumVisualStudioVersion = 10.0.40219.1
Project("{9A19103F-16F7-4668-BE54-9A1E7A4F7556}") = "HomeAutomation.WebApplication", "HomeAutomation.WebApplication\HomeAutomation.WebApplication.csproj", "{F739B157-96DE-41B2-B8B5-DCEC72563A0C}"
EndProject
Project("{9A19103F-16F7-4668-BE54-9A1E7A4F7556}") = "HomeAutomation.WebApplication.Tests", "HomeAutomation.WebApplication.Tests\HomeAutomation.WebApplication.Tests.csproj", "{2289996E-6A58-42B3-B218-603C8F446BC5}"
EndProject
Project("{9A19103F-16F7-4668-BE54-9A1E7A4F7556}") = "HomeAutomation.Website", "HomeAutomation.Website\HomeAutomation.Website.csproj", "{6F4C3704-55B3-4322-B2ED-8F4E914D3514}"
EndProject
Project("{FAE04EC0-301F-11D3-BF4B-00C04F79EFBC}") = "HomeAutomation.Clients", "HomeAutomation.Clients\HomeAutomation.Clients.csproj", "{B720005D-9FB5-4393-AB5C-DB0FF8DAFD38}"
EndProject
Global
	GlobalSection(SolutionConfigurationPlatforms) = preSolution
		Debug|Any CPU = Debug|Any CPU
		Release|Any CPU = Release|Any CPU
	EndGlobalSection
	GlobalSection(ProjectConfigurationPlatforms) = postSolution
		{F739B157-96DE-41B2-B8B5-DCEC72563A0C}.Debug|Any CPU.ActiveCfg = Debug|Any CPU
		{F739B157-96DE-41B2-B8B5-DCEC72563A0C}.Debug|Any CPU.Build.0 = Debug|Any CPU
		{F739B157-96DE-41B2-B8B5-DCEC72563A0C}.Release|Any CPU.ActiveCfg = Release|Any CPU
		{F739B157-96DE-41B2-B8B5-DCEC72563A0C}.Release|Any CPU.Build.0 = Release|Any CPU
		{2289996E-6A58-42B3-B218-603C8F446BC5}.Debug|Any CPU.ActiveCfg = Debug|Any CPU
		{2289996E-6A58-42B3-B218-603C8F446BC5}.Debug|Any CPU.Build.0 = Debug|Any CPU
		{2289996E-6A58-42B3-B218-603C8F446BC5}.Release|Any CPU.ActiveCfg = Release|Any CPU
		{2289996E-6A58-42B3-B218-603C8F446BC5}.Release|Any CPU.Build.0 = Release|Any CPU
		{6F4C3704-55B3-4322-B2ED-8F4E914D3514}.Debug|Any CPU.ActiveCfg = Debug|Any CPU
		{6F4C3704-55B3-4322-B2ED-8F4E914D3514}.Debug|Any CPU.Build.0 = Debug|Any CPU
		{6F4C3704-55B3-4322-B2ED-8F4E914D3514}.Release|Any CPU.ActiveCfg = Release|Any CPU
		{6F4C3704-55B3-4322-B2ED-8F4E914D3514}.Release|Any CPU.Build.0 = Release|Any CPU
		{B720005D-9FB5-4393-AB5C-DB0FF8DAFD38}.Debug|Any CPU.ActiveCfg = Debug|Any CPU
		{B720005D-9FB5-4393-AB5C-DB0FF8DAFD38}.Debug|Any CPU.Build.0 = Debug|Any CPU
		{B720005D-9FB5-4393-AB5C-DB0FF8DAFD38}.Release|Any CPU.ActiveCfg = Release|Any CPU
		{B720005D-9FB5-4393-AB5C-DB0FF8DAFD38}.Release|Any CPU.Build.0 = Release|Any CPU
	EndGlobalSection
	GlobalSection(SolutionProperties) = preSolution
		HideSolutionNode = FALSE
	EndGlobalSection
	GlobalSection(ExtensibilityGlobals) = postSolution
		SolutionGuid = {31C53F48-B8A8-4F8F-AAD4-2E32AB94C4BF}
	EndGlobalSection
EndGlobal
